// !$*UTF8*$!
{
	archiveVersion = 1;
	classes = {
	};
	objectVersion = 50;
	objects = {

/* Begin PBXBuildFile section */
		357BF149521DAABAB5C38598 /* libPods-MovieDevotee.a in Frameworks */ = {isa = PBXBuildFile; fileRef = AD1EB99169D71310540305E4 /* libPods-MovieDevotee.a */; };
		94423EDC24068C4D0026E02B /* SearchedMovieCollectionViewCell.swift in Sources */ = {isa = PBXBuildFile; fileRef = 94423EDB24068C4D0026E02B /* SearchedMovieCollectionViewCell.swift */; };
		94423EE0240697790026E02B /* SearchViewModel.swift in Sources */ = {isa = PBXBuildFile; fileRef = 94423EDF240697790026E02B /* SearchViewModel.swift */; };
		947C0C2B2404052F001D7391 /* AppDelegate.swift in Sources */ = {isa = PBXBuildFile; fileRef = 947C0C2A2404052F001D7391 /* AppDelegate.swift */; };
		947C0C2D2404052F001D7391 /* SceneDelegate.swift in Sources */ = {isa = PBXBuildFile; fileRef = 947C0C2C2404052F001D7391 /* SceneDelegate.swift */; };
		947C0C2F2404052F001D7391 /* SearchViewController.swift in Sources */ = {isa = PBXBuildFile; fileRef = 947C0C2E2404052F001D7391 /* SearchViewController.swift */; };
		947C0C3424040531001D7391 /* Assets.xcassets in Resources */ = {isa = PBXBuildFile; fileRef = 947C0C3324040531001D7391 /* Assets.xcassets */; };
		947C0C3724040531001D7391 /* LaunchScreen.storyboard in Resources */ = {isa = PBXBuildFile; fileRef = 947C0C3524040531001D7391 /* LaunchScreen.storyboard */; };
		947C990024052C9300422817 /* GeneralMovie.swift in Sources */ = {isa = PBXBuildFile; fileRef = 947C98FF24052C9300422817 /* GeneralMovie.swift */; };
		947C990C240533E500422817 /* MovieRepository.swift in Sources */ = {isa = PBXBuildFile; fileRef = 947C990B240533E500422817 /* MovieRepository.swift */; };
		947C9912240537D800422817 /* SearchedKeywordsPropertyListCoder.swift in Sources */ = {isa = PBXBuildFile; fileRef = 947C9911240537D800422817 /* SearchedKeywordsPropertyListCoder.swift */; };
		947C9917240538C800422817 /* MovieDataStore.swift in Sources */ = {isa = PBXBuildFile; fileRef = 947C9916240538C800422817 /* MovieDataStore.swift */; };
		947C991C2405394A00422817 /* MovieRemoteAPI.swift in Sources */ = {isa = PBXBuildFile; fileRef = 947C991B2405394A00422817 /* MovieRemoteAPI.swift */; };
		947C991E2405399000422817 /* MovieRepositoryImp.swift in Sources */ = {isa = PBXBuildFile; fileRef = 947C991D2405399000422817 /* MovieRepositoryImp.swift */; };
		947C992624053F6300422817 /* RecentlyViewedMoviesRepository.swift in Sources */ = {isa = PBXBuildFile; fileRef = 947C992524053F6300422817 /* RecentlyViewedMoviesRepository.swift */; };
		947C992824053FDE00422817 /* SearchedKeywordsRepository.swift in Sources */ = {isa = PBXBuildFile; fileRef = 947C992724053FDE00422817 /* SearchedKeywordsRepository.swift */; };
		94B125602407B9AE00A291D4 /* AppDependencyContainer.swift in Sources */ = {isa = PBXBuildFile; fileRef = 94B1255F2407B9AE00A291D4 /* AppDependencyContainer.swift */; };
		94B125622407BA1400A291D4 /* SearchDependencyContainer.swift in Sources */ = {isa = PBXBuildFile; fileRef = 94B125612407BA1400A291D4 /* SearchDependencyContainer.swift */; };
		94B125692407BE8700A291D4 /* NiblessViewController.swift in Sources */ = {isa = PBXBuildFile; fileRef = 94B125682407BE8700A291D4 /* NiblessViewController.swift */; };
		94B1256E2407D72800A291D4 /* MagazineCollectionView+Rx.swift in Sources */ = {isa = PBXBuildFile; fileRef = 94B1256D2407D72800A291D4 /* MagazineCollectionView+Rx.swift */; };
		94B125702407EC0B00A291D4 /* DataRepository.swift in Sources */ = {isa = PBXBuildFile; fileRef = 94B1256F2407EC0B00A291D4 /* DataRepository.swift */; };
		94B125722407EC5F00A291D4 /* DataRepositoryImp.swift in Sources */ = {isa = PBXBuildFile; fileRef = 94B125712407EC5F00A291D4 /* DataRepositoryImp.swift */; };
		94B125742407EC7900A291D4 /* DataRemoteAPI.swift in Sources */ = {isa = PBXBuildFile; fileRef = 94B125732407EC7900A291D4 /* DataRemoteAPI.swift */; };
		94C52681240BC7CD00380F4B /* UIViewFactory.swift in Sources */ = {isa = PBXBuildFile; fileRef = 94C52680240BC7CD00380F4B /* UIViewFactory.swift */; };
		94C52685240BCEF900380F4B /* UIViewController+Extension.swift in Sources */ = {isa = PBXBuildFile; fileRef = 94C52684240BCEF900380F4B /* UIViewController+Extension.swift */; };
		94C52687240BD1A500380F4B /* UIView+Extension.swift in Sources */ = {isa = PBXBuildFile; fileRef = 94C52686240BD1A500380F4B /* UIView+Extension.swift */; };
		94DB6CC924090F230085A0C6 /* DetailedMovie.swift in Sources */ = {isa = PBXBuildFile; fileRef = 94DB6CC824090F230085A0C6 /* DetailedMovie.swift */; };
		94DB6CCD24091D1D0085A0C6 /* MovieDetailDependencyContainer.swift in Sources */ = {isa = PBXBuildFile; fileRef = 94DB6CCC24091D1D0085A0C6 /* MovieDetailDependencyContainer.swift */; };
		94DB6CD024091D4E0085A0C6 /* MovieDetailViewModel.swift in Sources */ = {isa = PBXBuildFile; fileRef = 94DB6CCF24091D4E0085A0C6 /* MovieDetailViewModel.swift */; };
		94DB6CD224091D5B0085A0C6 /* MovieDetailViewController.swift in Sources */ = {isa = PBXBuildFile; fileRef = 94DB6CD124091D5B0085A0C6 /* MovieDetailViewController.swift */; };
		94DB6CD4240931B00085A0C6 /* SearchNavigationDelegate.swift in Sources */ = {isa = PBXBuildFile; fileRef = 94DB6CD3240931B00085A0C6 /* SearchNavigationDelegate.swift */; };
/* End PBXBuildFile section */

/* Begin PBXFileReference section */
		07B752AEF870074C999487A6 /* Pods-MovieDevotee.release.xcconfig */ = {isa = PBXFileReference; includeInIndex = 1; lastKnownFileType = text.xcconfig; name = "Pods-MovieDevotee.release.xcconfig"; path = "Target Support Files/Pods-MovieDevotee/Pods-MovieDevotee.release.xcconfig"; sourceTree = "<group>"; };
		25A4F52DE8097BF648AD3647 /* Pods-MovieDevotee.debug.xcconfig */ = {isa = PBXFileReference; includeInIndex = 1; lastKnownFileType = text.xcconfig; name = "Pods-MovieDevotee.debug.xcconfig"; path = "Target Support Files/Pods-MovieDevotee/Pods-MovieDevotee.debug.xcconfig"; sourceTree = "<group>"; };
		35EE05426EA60D78284823BA /* Pods_MovieDevotee.framework */ = {isa = PBXFileReference; explicitFileType = wrapper.framework; includeInIndex = 0; path = Pods_MovieDevotee.framework; sourceTree = BUILT_PRODUCTS_DIR; };
		94423EDB24068C4D0026E02B /* SearchedMovieCollectionViewCell.swift */ = {isa = PBXFileReference; lastKnownFileType = sourcecode.swift; path = SearchedMovieCollectionViewCell.swift; sourceTree = "<group>"; };
		94423EDF240697790026E02B /* SearchViewModel.swift */ = {isa = PBXFileReference; lastKnownFileType = sourcecode.swift; path = SearchViewModel.swift; sourceTree = "<group>"; };
		947C0C272404052F001D7391 /* MovieDevotee.app */ = {isa = PBXFileReference; explicitFileType = wrapper.application; includeInIndex = 0; path = MovieDevotee.app; sourceTree = BUILT_PRODUCTS_DIR; };
		947C0C2A2404052F001D7391 /* AppDelegate.swift */ = {isa = PBXFileReference; lastKnownFileType = sourcecode.swift; path = AppDelegate.swift; sourceTree = "<group>"; };
		947C0C2C2404052F001D7391 /* SceneDelegate.swift */ = {isa = PBXFileReference; lastKnownFileType = sourcecode.swift; path = SceneDelegate.swift; sourceTree = "<group>"; };
		947C0C2E2404052F001D7391 /* SearchViewController.swift */ = {isa = PBXFileReference; lastKnownFileType = sourcecode.swift; path = SearchViewController.swift; sourceTree = "<group>"; };
		947C0C3324040531001D7391 /* Assets.xcassets */ = {isa = PBXFileReference; lastKnownFileType = folder.assetcatalog; path = Assets.xcassets; sourceTree = "<group>"; };
		947C0C3624040531001D7391 /* Base */ = {isa = PBXFileReference; lastKnownFileType = file.storyboard; name = Base; path = Base.lproj/LaunchScreen.storyboard; sourceTree = "<group>"; };
		947C0C3824040531001D7391 /* Info.plist */ = {isa = PBXFileReference; lastKnownFileType = text.plist.xml; path = Info.plist; sourceTree = "<group>"; };
		947C98FF24052C9300422817 /* GeneralMovie.swift */ = {isa = PBXFileReference; lastKnownFileType = sourcecode.swift; path = GeneralMovie.swift; sourceTree = "<group>"; };
		947C990B240533E500422817 /* MovieRepository.swift */ = {isa = PBXFileReference; lastKnownFileType = sourcecode.swift; path = MovieRepository.swift; sourceTree = "<group>"; };
		947C9911240537D800422817 /* SearchedKeywordsPropertyListCoder.swift */ = {isa = PBXFileReference; lastKnownFileType = sourcecode.swift; path = SearchedKeywordsPropertyListCoder.swift; sourceTree = "<group>"; };
		947C9916240538C800422817 /* MovieDataStore.swift */ = {isa = PBXFileReference; lastKnownFileType = sourcecode.swift; path = MovieDataStore.swift; sourceTree = "<group>"; };
		947C991B2405394A00422817 /* MovieRemoteAPI.swift */ = {isa = PBXFileReference; lastKnownFileType = sourcecode.swift; path = MovieRemoteAPI.swift; sourceTree = "<group>"; };
		947C991D2405399000422817 /* MovieRepositoryImp.swift */ = {isa = PBXFileReference; lastKnownFileType = sourcecode.swift; path = MovieRepositoryImp.swift; sourceTree = "<group>"; };
		947C992524053F6300422817 /* RecentlyViewedMoviesRepository.swift */ = {isa = PBXFileReference; lastKnownFileType = sourcecode.swift; path = RecentlyViewedMoviesRepository.swift; sourceTree = "<group>"; };
		947C992724053FDE00422817 /* SearchedKeywordsRepository.swift */ = {isa = PBXFileReference; lastKnownFileType = sourcecode.swift; path = SearchedKeywordsRepository.swift; sourceTree = "<group>"; };
		94B1255F2407B9AE00A291D4 /* AppDependencyContainer.swift */ = {isa = PBXFileReference; lastKnownFileType = sourcecode.swift; path = AppDependencyContainer.swift; sourceTree = "<group>"; };
		94B125612407BA1400A291D4 /* SearchDependencyContainer.swift */ = {isa = PBXFileReference; lastKnownFileType = sourcecode.swift; path = SearchDependencyContainer.swift; sourceTree = "<group>"; };
		94B125682407BE8700A291D4 /* NiblessViewController.swift */ = {isa = PBXFileReference; lastKnownFileType = sourcecode.swift; path = NiblessViewController.swift; sourceTree = "<group>"; };
		94B1256D2407D72800A291D4 /* MagazineCollectionView+Rx.swift */ = {isa = PBXFileReference; lastKnownFileType = sourcecode.swift; path = "MagazineCollectionView+Rx.swift"; sourceTree = "<group>"; };
		94B1256F2407EC0B00A291D4 /* DataRepository.swift */ = {isa = PBXFileReference; lastKnownFileType = sourcecode.swift; path = DataRepository.swift; sourceTree = "<group>"; };
		94B125712407EC5F00A291D4 /* DataRepositoryImp.swift */ = {isa = PBXFileReference; lastKnownFileType = sourcecode.swift; path = DataRepositoryImp.swift; sourceTree = "<group>"; };
		94B125732407EC7900A291D4 /* DataRemoteAPI.swift */ = {isa = PBXFileReference; lastKnownFileType = sourcecode.swift; path = DataRemoteAPI.swift; sourceTree = "<group>"; };
		94C52680240BC7CD00380F4B /* UIViewFactory.swift */ = {isa = PBXFileReference; lastKnownFileType = sourcecode.swift; path = UIViewFactory.swift; sourceTree = "<group>"; };
		94C52684240BCEF900380F4B /* UIViewController+Extension.swift */ = {isa = PBXFileReference; lastKnownFileType = sourcecode.swift; path = "UIViewController+Extension.swift"; sourceTree = "<group>"; };
		94C52686240BD1A500380F4B /* UIView+Extension.swift */ = {isa = PBXFileReference; lastKnownFileType = sourcecode.swift; path = "UIView+Extension.swift"; sourceTree = "<group>"; };
		94DB6CC824090F230085A0C6 /* DetailedMovie.swift */ = {isa = PBXFileReference; lastKnownFileType = sourcecode.swift; path = DetailedMovie.swift; sourceTree = "<group>"; };
		94DB6CCC24091D1D0085A0C6 /* MovieDetailDependencyContainer.swift */ = {isa = PBXFileReference; lastKnownFileType = sourcecode.swift; path = MovieDetailDependencyContainer.swift; sourceTree = "<group>"; };
		94DB6CCF24091D4E0085A0C6 /* MovieDetailViewModel.swift */ = {isa = PBXFileReference; lastKnownFileType = sourcecode.swift; path = MovieDetailViewModel.swift; sourceTree = "<group>"; };
		94DB6CD124091D5B0085A0C6 /* MovieDetailViewController.swift */ = {isa = PBXFileReference; lastKnownFileType = sourcecode.swift; path = MovieDetailViewController.swift; sourceTree = "<group>"; };
		94DB6CD3240931B00085A0C6 /* SearchNavigationDelegate.swift */ = {isa = PBXFileReference; lastKnownFileType = sourcecode.swift; path = SearchNavigationDelegate.swift; sourceTree = "<group>"; };
		A43E41FC240B974E0088D51A /* Alamofire.framework */ = {isa = PBXFileReference; explicitFileType = wrapper.framework; path = Alamofire.framework; sourceTree = BUILT_PRODUCTS_DIR; };
		A43E41FD240B974E0088D51A /* MagazineLayout.framework */ = {isa = PBXFileReference; explicitFileType = wrapper.framework; path = MagazineLayout.framework; sourceTree = BUILT_PRODUCTS_DIR; };
		A43E41FE240B974E0088D51A /* Realm.framework */ = {isa = PBXFileReference; explicitFileType = wrapper.framework; path = Realm.framework; sourceTree = BUILT_PRODUCTS_DIR; };
		A43E41FF240B974E0088D51A /* RealmSwift.framework */ = {isa = PBXFileReference; explicitFileType = wrapper.framework; path = RealmSwift.framework; sourceTree = BUILT_PRODUCTS_DIR; };
		A43E4200240B974E0088D51A /* RxCocoa.framework */ = {isa = PBXFileReference; explicitFileType = wrapper.framework; path = RxCocoa.framework; sourceTree = BUILT_PRODUCTS_DIR; };
		A43E4201240B974E0088D51A /* RxRelay.framework */ = {isa = PBXFileReference; explicitFileType = wrapper.framework; path = RxRelay.framework; sourceTree = BUILT_PRODUCTS_DIR; };
		A43E4202240B974E0088D51A /* RxSwift.framework */ = {isa = PBXFileReference; explicitFileType = wrapper.framework; path = RxSwift.framework; sourceTree = BUILT_PRODUCTS_DIR; };
		A43E4203240B974E0088D51A /* SwiftyJSON.framework */ = {isa = PBXFileReference; explicitFileType = wrapper.framework; path = SwiftyJSON.framework; sourceTree = BUILT_PRODUCTS_DIR; };
		AD1EB99169D71310540305E4 /* libPods-MovieDevotee.a */ = {isa = PBXFileReference; explicitFileType = archive.ar; includeInIndex = 0; path = "libPods-MovieDevotee.a"; sourceTree = BUILT_PRODUCTS_DIR; };
/* End PBXFileReference section */

/* Begin PBXFrameworksBuildPhase section */
		947C0C242404052F001D7391 /* Frameworks */ = {
			isa = PBXFrameworksBuildPhase;
			buildActionMask = 2147483647;
			files = (
				357BF149521DAABAB5C38598 /* libPods-MovieDevotee.a in Frameworks */,
			);
			runOnlyForDeploymentPostprocessing = 0;
		};
/* End PBXFrameworksBuildPhase section */

/* Begin PBXGroup section */
		8DB7EB8C32DE2C843DD477C9 /* Pods */ = {
			isa = PBXGroup;
			children = (
				25A4F52DE8097BF648AD3647 /* Pods-MovieDevotee.debug.xcconfig */,
				07B752AEF870074C999487A6 /* Pods-MovieDevotee.release.xcconfig */,
			);
			path = Pods;
			sourceTree = "<group>";
		};
		94423ECF240663FE0026E02B /* Search */ = {
			isa = PBXGroup;
			children = (
				94B1255E2407B98800A291D4 /* DI */,
				94423ED32406652D0026E02B /* UI */,
			);
			path = Search;
			sourceTree = "<group>";
		};
		94423ED32406652D0026E02B /* UI */ = {
			isa = PBXGroup;
			children = (
				947C0C2E2404052F001D7391 /* SearchViewController.swift */,
				94423EDF240697790026E02B /* SearchViewModel.swift */,
				94423EDB24068C4D0026E02B /* SearchedMovieCollectionViewCell.swift */,
				94DB6CD3240931B00085A0C6 /* SearchNavigationDelegate.swift */,
			);
			path = UI;
			sourceTree = "<group>";
		};
		94423ED4240667DA0026E02B /* App */ = {
			isa = PBXGroup;
			children = (
				947C0C2A2404052F001D7391 /* AppDelegate.swift */,
				947C0C2C2404052F001D7391 /* SceneDelegate.swift */,
				94B1255F2407B9AE00A291D4 /* AppDependencyContainer.swift */,
			);
			path = App;
			sourceTree = "<group>";
		};
		947C0C1E2404052F001D7391 = {
			isa = PBXGroup;
			children = (
				947C0C292404052F001D7391 /* MovieDevotee */,
				947C0C282404052F001D7391 /* Products */,
				8DB7EB8C32DE2C843DD477C9 /* Pods */,
				EC112BAC28E3FDB9291B9FE0 /* Frameworks */,
			);
			sourceTree = "<group>";
		};
		947C0C282404052F001D7391 /* Products */ = {
			isa = PBXGroup;
			children = (
				947C0C272404052F001D7391 /* MovieDevotee.app */,
			);
			name = Products;
			sourceTree = "<group>";
		};
		947C0C292404052F001D7391 /* MovieDevotee */ = {
			isa = PBXGroup;
			children = (
				94B125662407BE6E00A291D4 /* Resuable */,
				94423ED4240667DA0026E02B /* App */,
				947C9931240558B400422817 /* Scenes */,
				947C99072405333700422817 /* Data */,
				947C990124052CA900422817 /* Domain */,
				947C0C3324040531001D7391 /* Assets.xcassets */,
				947C0C3524040531001D7391 /* LaunchScreen.storyboard */,
				947C0C3824040531001D7391 /* Info.plist */,
			);
			path = MovieDevotee;
			sourceTree = "<group>";
		};
		947C990124052CA900422817 /* Domain */ = {
			isa = PBXGroup;
			children = (
				947C99032405310400422817 /* Repository */,
				947C990224052D8500422817 /* Model */,
			);
			path = Domain;
			sourceTree = "<group>";
		};
		947C990224052D8500422817 /* Model */ = {
			isa = PBXGroup;
			children = (
				947C98FF24052C9300422817 /* GeneralMovie.swift */,
				94DB6CC824090F230085A0C6 /* DetailedMovie.swift */,
			);
			path = Model;
			sourceTree = "<group>";
		};
		947C99032405310400422817 /* Repository */ = {
			isa = PBXGroup;
			children = (
				947C990B240533E500422817 /* MovieRepository.swift */,
				947C992524053F6300422817 /* RecentlyViewedMoviesRepository.swift */,
				947C992724053FDE00422817 /* SearchedKeywordsRepository.swift */,
				94B1256F2407EC0B00A291D4 /* DataRepository.swift */,
			);
			path = Repository;
			sourceTree = "<group>";
		};
		947C99072405333700422817 /* Data */ = {
			isa = PBXGroup;
			children = (
				947C99102405378C00422817 /* Coding */,
				947C990A2405335700422817 /* Remote */,
				947C99092405334900422817 /* Persistence */,
				947C99082405333C00422817 /* RepositoryImp */,
			);
			path = Data;
			sourceTree = "<group>";
		};
		947C99082405333C00422817 /* RepositoryImp */ = {
			isa = PBXGroup;
			children = (
				947C991D2405399000422817 /* MovieRepositoryImp.swift */,
				94B125712407EC5F00A291D4 /* DataRepositoryImp.swift */,
			);
			path = RepositoryImp;
			sourceTree = "<group>";
		};
		947C99092405334900422817 /* Persistence */ = {
			isa = PBXGroup;
			children = (
				947C9916240538C800422817 /* MovieDataStore.swift */,
			);
			path = Persistence;
			sourceTree = "<group>";
		};
		947C990A2405335700422817 /* Remote */ = {
			isa = PBXGroup;
			children = (
				947C991B2405394A00422817 /* MovieRemoteAPI.swift */,
				94B125732407EC7900A291D4 /* DataRemoteAPI.swift */,
			);
			path = Remote;
			sourceTree = "<group>";
		};
		947C99102405378C00422817 /* Coding */ = {
			isa = PBXGroup;
			children = (
				947C9911240537D800422817 /* SearchedKeywordsPropertyListCoder.swift */,
			);
			path = Coding;
			sourceTree = "<group>";
		};
		947C9931240558B400422817 /* Scenes */ = {
			isa = PBXGroup;
			children = (
				94423ECF240663FE0026E02B /* Search */,
				94DB6CCA24091CE90085A0C6 /* MovieDetail */,
			);
			path = Scenes;
			sourceTree = "<group>";
		};
		94B1255E2407B98800A291D4 /* DI */ = {
			isa = PBXGroup;
			children = (
				94B125612407BA1400A291D4 /* SearchDependencyContainer.swift */,
			);
			path = DI;
			sourceTree = "<group>";
		};
		94B125662407BE6E00A291D4 /* Resuable */ = {
			isa = PBXGroup;
			children = (
				94B125672407BE7700A291D4 /* UIKit */,
			);
			path = Resuable;
			sourceTree = "<group>";
		};
		94B125672407BE7700A291D4 /* UIKit */ = {
			isa = PBXGroup;
			children = (
				94C5267F240BC7B300380F4B /* Utils */,
				94C52683240BCE2200380F4B /* Extensions */,
				94C52682240BCE0A00380F4B /* CustomViews */,
			);
			path = UIKit;
			sourceTree = "<group>";
		};
		94C5267F240BC7B300380F4B /* Utils */ = {
			isa = PBXGroup;
			children = (
				94C52680240BC7CD00380F4B /* UIViewFactory.swift */,
			);
			path = Utils;
			sourceTree = "<group>";
		};
		94C52682240BCE0A00380F4B /* CustomViews */ = {
			isa = PBXGroup;
			children = (
				94B125682407BE8700A291D4 /* NiblessViewController.swift */,
				94B1256D2407D72800A291D4 /* MagazineCollectionView+Rx.swift */,
			);
			path = CustomViews;
			sourceTree = "<group>";
		};
		94C52683240BCE2200380F4B /* Extensions */ = {
			isa = PBXGroup;
			children = (
				94C52684240BCEF900380F4B /* UIViewController+Extension.swift */,
				94C52686240BD1A500380F4B /* UIView+Extension.swift */,
			);
			path = Extensions;
			sourceTree = "<group>";
		};
		94DB6CCA24091CE90085A0C6 /* MovieDetail */ = {
			isa = PBXGroup;
			children = (
				94DB6CCB24091D030085A0C6 /* DI */,
				94DB6CCE24091D390085A0C6 /* UI */,
			);
			path = MovieDetail;
			sourceTree = "<group>";
		};
		94DB6CCB24091D030085A0C6 /* DI */ = {
			isa = PBXGroup;
			children = (
				94DB6CCC24091D1D0085A0C6 /* MovieDetailDependencyContainer.swift */,
			);
			path = DI;
			sourceTree = "<group>";
		};
		94DB6CCE24091D390085A0C6 /* UI */ = {
			isa = PBXGroup;
			children = (
				94DB6CD124091D5B0085A0C6 /* MovieDetailViewController.swift */,
				94DB6CCF24091D4E0085A0C6 /* MovieDetailViewModel.swift */,
			);
			path = UI;
			sourceTree = "<group>";
		};
		EC112BAC28E3FDB9291B9FE0 /* Frameworks */ = {
			isa = PBXGroup;
			children = (
				A43E41FC240B974E0088D51A /* Alamofire.framework */,
				A43E41FD240B974E0088D51A /* MagazineLayout.framework */,
				A43E41FE240B974E0088D51A /* Realm.framework */,
				A43E41FF240B974E0088D51A /* RealmSwift.framework */,
				A43E4200240B974E0088D51A /* RxCocoa.framework */,
				A43E4201240B974E0088D51A /* RxRelay.framework */,
				A43E4202240B974E0088D51A /* RxSwift.framework */,
				A43E4203240B974E0088D51A /* SwiftyJSON.framework */,
				35EE05426EA60D78284823BA /* Pods_MovieDevotee.framework */,
				AD1EB99169D71310540305E4 /* libPods-MovieDevotee.a */,
			);
			name = Frameworks;
			sourceTree = "<group>";
		};
/* End PBXGroup section */

/* Begin PBXNativeTarget section */
		947C0C262404052F001D7391 /* MovieDevotee */ = {
			isa = PBXNativeTarget;
			buildConfigurationList = 947C0C3B24040531001D7391 /* Build configuration list for PBXNativeTarget "MovieDevotee" */;
			buildPhases = (
				7956B6519D05EFEEADAA7CE9 /* [CP] Check Pods Manifest.lock */,
				947C0C232404052F001D7391 /* Sources */,
				947C0C242404052F001D7391 /* Frameworks */,
				947C0C252404052F001D7391 /* Resources */,
			);
			buildRules = (
			);
			dependencies = (
			);
			name = MovieDevotee;
			productName = MovieDevotee;
			productReference = 947C0C272404052F001D7391 /* MovieDevotee.app */;
			productType = "com.apple.product-type.application";
		};
/* End PBXNativeTarget section */

/* Begin PBXProject section */
		947C0C1F2404052F001D7391 /* Project object */ = {
			isa = PBXProject;
			attributes = {
				LastSwiftUpdateCheck = 1120;
				LastUpgradeCheck = 1120;
				ORGANIZATIONNAME = Daylighter;
				TargetAttributes = {
					947C0C262404052F001D7391 = {
						CreatedOnToolsVersion = 11.2.1;
					};
				};
			};
			buildConfigurationList = 947C0C222404052F001D7391 /* Build configuration list for PBXProject "MovieDevotee" */;
			compatibilityVersion = "Xcode 9.3";
			developmentRegion = en;
			hasScannedForEncodings = 0;
			knownRegions = (
				en,
				Base,
			);
			mainGroup = 947C0C1E2404052F001D7391;
			productRefGroup = 947C0C282404052F001D7391 /* Products */;
			projectDirPath = "";
			projectRoot = "";
			targets = (
				947C0C262404052F001D7391 /* MovieDevotee */,
			);
		};
/* End PBXProject section */

/* Begin PBXResourcesBuildPhase section */
		947C0C252404052F001D7391 /* Resources */ = {
			isa = PBXResourcesBuildPhase;
			buildActionMask = 2147483647;
			files = (
				947C0C3724040531001D7391 /* LaunchScreen.storyboard in Resources */,
				947C0C3424040531001D7391 /* Assets.xcassets in Resources */,
			);
			runOnlyForDeploymentPostprocessing = 0;
		};
/* End PBXResourcesBuildPhase section */

/* Begin PBXShellScriptBuildPhase section */
		7956B6519D05EFEEADAA7CE9 /* [CP] Check Pods Manifest.lock */ = {
			isa = PBXShellScriptBuildPhase;
			buildActionMask = 2147483647;
			files = (
			);
			inputFileListPaths = (
			);
			inputPaths = (
				"${PODS_PODFILE_DIR_PATH}/Podfile.lock",
				"${PODS_ROOT}/Manifest.lock",
			);
			name = "[CP] Check Pods Manifest.lock";
			outputFileListPaths = (
			);
			outputPaths = (
				"$(DERIVED_FILE_DIR)/Pods-MovieDevotee-checkManifestLockResult.txt",
			);
			runOnlyForDeploymentPostprocessing = 0;
			shellPath = /bin/sh;
			shellScript = "diff \"${PODS_PODFILE_DIR_PATH}/Podfile.lock\" \"${PODS_ROOT}/Manifest.lock\" > /dev/null\nif [ $? != 0 ] ; then\n    # print error to STDERR\n    echo \"error: The sandbox is not in sync with the Podfile.lock. Run 'pod install' or update your CocoaPods installation.\" >&2\n    exit 1\nfi\n# This output is used by Xcode 'outputs' to avoid re-running this script phase.\necho \"SUCCESS\" > \"${SCRIPT_OUTPUT_FILE_0}\"\n";
			showEnvVarsInLog = 0;
		};
/* End PBXShellScriptBuildPhase section */

/* Begin PBXSourcesBuildPhase section */
		947C0C232404052F001D7391 /* Sources */ = {
			isa = PBXSourcesBuildPhase;
			buildActionMask = 2147483647;
			files = (
				947C0C2F2404052F001D7391 /* SearchViewController.swift in Sources */,
				94C52687240BD1A500380F4B /* UIView+Extension.swift in Sources */,
				947C0C2B2404052F001D7391 /* AppDelegate.swift in Sources */,
				94DB6CCD24091D1D0085A0C6 /* MovieDetailDependencyContainer.swift in Sources */,
				947C992824053FDE00422817 /* SearchedKeywordsRepository.swift in Sources */,
				94C52685240BCEF900380F4B /* UIViewController+Extension.swift in Sources */,
				94B125622407BA1400A291D4 /* SearchDependencyContainer.swift in Sources */,
				94B1256E2407D72800A291D4 /* MagazineCollectionView+Rx.swift in Sources */,
				947C990024052C9300422817 /* GeneralMovie.swift in Sources */,
				947C990C240533E500422817 /* MovieRepository.swift in Sources */,
				94DB6CC924090F230085A0C6 /* DetailedMovie.swift in Sources */,
				94C52681240BC7CD00380F4B /* UIViewFactory.swift in Sources */,
				94B125702407EC0B00A291D4 /* DataRepository.swift in Sources */,
				94B125692407BE8700A291D4 /* NiblessViewController.swift in Sources */,
				94B125722407EC5F00A291D4 /* DataRepositoryImp.swift in Sources */,
				94423EDC24068C4D0026E02B /* SearchedMovieCollectionViewCell.swift in Sources */,
				94B125602407B9AE00A291D4 /* AppDependencyContainer.swift in Sources */,
				947C9912240537D800422817 /* SearchedKeywordsPropertyListCoder.swift in Sources */,
				94DB6CD224091D5B0085A0C6 /* MovieDetailViewController.swift in Sources */,
				947C991C2405394A00422817 /* MovieRemoteAPI.swift in Sources */,
				94423EE0240697790026E02B /* SearchViewModel.swift in Sources */,
				947C0C2D2404052F001D7391 /* SceneDelegate.swift in Sources */,
				94B125742407EC7900A291D4 /* DataRemoteAPI.swift in Sources */,
				94DB6CD4240931B00085A0C6 /* SearchNavigationDelegate.swift in Sources */,
				94DB6CD024091D4E0085A0C6 /* MovieDetailViewModel.swift in Sources */,
				947C992624053F6300422817 /* RecentlyViewedMoviesRepository.swift in Sources */,
				947C991E2405399000422817 /* MovieRepositoryImp.swift in Sources */,
				947C9917240538C800422817 /* MovieDataStore.swift in Sources */,
			);
			runOnlyForDeploymentPostprocessing = 0;
		};
/* End PBXSourcesBuildPhase section */

/* Begin PBXVariantGroup section */
		947C0C3524040531001D7391 /* LaunchScreen.storyboard */ = {
			isa = PBXVariantGroup;
			children = (
				947C0C3624040531001D7391 /* Base */,
			);
			name = LaunchScreen.storyboard;
			sourceTree = "<group>";
		};
/* End PBXVariantGroup section */

/* Begin XCBuildConfiguration section */
		947C0C3924040531001D7391 /* Debug */ = {
			isa = XCBuildConfiguration;
			buildSettings = {
				ALWAYS_SEARCH_USER_PATHS = NO;
				CLANG_ANALYZER_NONNULL = YES;
				CLANG_ANALYZER_NUMBER_OBJECT_CONVERSION = YES_AGGRESSIVE;
				CLANG_CXX_LANGUAGE_STANDARD = "gnu++14";
				CLANG_CXX_LIBRARY = "libc++";
				CLANG_ENABLE_MODULES = YES;
				CLANG_ENABLE_OBJC_ARC = YES;
				CLANG_ENABLE_OBJC_WEAK = YES;
				CLANG_WARN_BLOCK_CAPTURE_AUTORELEASING = YES;
				CLANG_WARN_BOOL_CONVERSION = YES;
				CLANG_WARN_COMMA = YES;
				CLANG_WARN_CONSTANT_CONVERSION = YES;
				CLANG_WARN_DEPRECATED_OBJC_IMPLEMENTATIONS = YES;
				CLANG_WARN_DIRECT_OBJC_ISA_USAGE = YES_ERROR;
				CLANG_WARN_DOCUMENTATION_COMMENTS = YES;
				CLANG_WARN_EMPTY_BODY = YES;
				CLANG_WARN_ENUM_CONVERSION = YES;
				CLANG_WARN_INFINITE_RECURSION = YES;
				CLANG_WARN_INT_CONVERSION = YES;
				CLANG_WARN_NON_LITERAL_NULL_CONVERSION = YES;
				CLANG_WARN_OBJC_IMPLICIT_RETAIN_SELF = YES;
				CLANG_WARN_OBJC_LITERAL_CONVERSION = YES;
				CLANG_WARN_OBJC_ROOT_CLASS = YES_ERROR;
				CLANG_WARN_RANGE_LOOP_ANALYSIS = YES;
				CLANG_WARN_STRICT_PROTOTYPES = YES;
				CLANG_WARN_SUSPICIOUS_MOVE = YES;
				CLANG_WARN_UNGUARDED_AVAILABILITY = YES_AGGRESSIVE;
				CLANG_WARN_UNREACHABLE_CODE = YES;
				CLANG_WARN__DUPLICATE_METHOD_MATCH = YES;
				COPY_PHASE_STRIP = NO;
				DEBUG_INFORMATION_FORMAT = dwarf;
				ENABLE_STRICT_OBJC_MSGSEND = YES;
				ENABLE_TESTABILITY = YES;
				GCC_C_LANGUAGE_STANDARD = gnu11;
				GCC_DYNAMIC_NO_PIC = NO;
				GCC_NO_COMMON_BLOCKS = YES;
				GCC_OPTIMIZATION_LEVEL = 0;
				GCC_PREPROCESSOR_DEFINITIONS = (
					"DEBUG=1",
					"$(inherited)",
				);
				GCC_WARN_64_TO_32_BIT_CONVERSION = YES;
				GCC_WARN_ABOUT_RETURN_TYPE = YES_ERROR;
				GCC_WARN_UNDECLARED_SELECTOR = YES;
				GCC_WARN_UNINITIALIZED_AUTOS = YES_AGGRESSIVE;
				GCC_WARN_UNUSED_FUNCTION = YES;
				GCC_WARN_UNUSED_VARIABLE = YES;
				IPHONEOS_DEPLOYMENT_TARGET = 13.2;
				MTL_ENABLE_DEBUG_INFO = INCLUDE_SOURCE;
				MTL_FAST_MATH = YES;
				ONLY_ACTIVE_ARCH = YES;
				SDKROOT = iphoneos;
				SWIFT_ACTIVE_COMPILATION_CONDITIONS = DEBUG;
				SWIFT_OPTIMIZATION_LEVEL = "-Onone";
			};
			name = Debug;
		};
		947C0C3A24040531001D7391 /* Release */ = {
			isa = XCBuildConfiguration;
			buildSettings = {
				ALWAYS_SEARCH_USER_PATHS = NO;
				CLANG_ANALYZER_NONNULL = YES;
				CLANG_ANALYZER_NUMBER_OBJECT_CONVERSION = YES_AGGRESSIVE;
				CLANG_CXX_LANGUAGE_STANDARD = "gnu++14";
				CLANG_CXX_LIBRARY = "libc++";
				CLANG_ENABLE_MODULES = YES;
				CLANG_ENABLE_OBJC_ARC = YES;
				CLANG_ENABLE_OBJC_WEAK = YES;
				CLANG_WARN_BLOCK_CAPTURE_AUTORELEASING = YES;
				CLANG_WARN_BOOL_CONVERSION = YES;
				CLANG_WARN_COMMA = YES;
				CLANG_WARN_CONSTANT_CONVERSION = YES;
				CLANG_WARN_DEPRECATED_OBJC_IMPLEMENTATIONS = YES;
				CLANG_WARN_DIRECT_OBJC_ISA_USAGE = YES_ERROR;
				CLANG_WARN_DOCUMENTATION_COMMENTS = YES;
				CLANG_WARN_EMPTY_BODY = YES;
				CLANG_WARN_ENUM_CONVERSION = YES;
				CLANG_WARN_INFINITE_RECURSION = YES;
				CLANG_WARN_INT_CONVERSION = YES;
				CLANG_WARN_NON_LITERAL_NULL_CONVERSION = YES;
				CLANG_WARN_OBJC_IMPLICIT_RETAIN_SELF = YES;
				CLANG_WARN_OBJC_LITERAL_CONVERSION = YES;
				CLANG_WARN_OBJC_ROOT_CLASS = YES_ERROR;
				CLANG_WARN_RANGE_LOOP_ANALYSIS = YES;
				CLANG_WARN_STRICT_PROTOTYPES = YES;
				CLANG_WARN_SUSPICIOUS_MOVE = YES;
				CLANG_WARN_UNGUARDED_AVAILABILITY = YES_AGGRESSIVE;
				CLANG_WARN_UNREACHABLE_CODE = YES;
				CLANG_WARN__DUPLICATE_METHOD_MATCH = YES;
				COPY_PHASE_STRIP = NO;
				DEBUG_INFORMATION_FORMAT = "dwarf-with-dsym";
				ENABLE_NS_ASSERTIONS = NO;
				ENABLE_STRICT_OBJC_MSGSEND = YES;
				GCC_C_LANGUAGE_STANDARD = gnu11;
				GCC_NO_COMMON_BLOCKS = YES;
				GCC_WARN_64_TO_32_BIT_CONVERSION = YES;
				GCC_WARN_ABOUT_RETURN_TYPE = YES_ERROR;
				GCC_WARN_UNDECLARED_SELECTOR = YES;
				GCC_WARN_UNINITIALIZED_AUTOS = YES_AGGRESSIVE;
				GCC_WARN_UNUSED_FUNCTION = YES;
				GCC_WARN_UNUSED_VARIABLE = YES;
				IPHONEOS_DEPLOYMENT_TARGET = 13.2;
				MTL_ENABLE_DEBUG_INFO = NO;
				MTL_FAST_MATH = YES;
				SDKROOT = iphoneos;
				SWIFT_COMPILATION_MODE = wholemodule;
				SWIFT_OPTIMIZATION_LEVEL = "-O";
				VALIDATE_PRODUCT = YES;
			};
			name = Release;
		};
		947C0C3C24040531001D7391 /* Debug */ = {
			isa = XCBuildConfiguration;
			baseConfigurationReference = 25A4F52DE8097BF648AD3647 /* Pods-MovieDevotee.debug.xcconfig */;
			buildSettings = {
				ASSETCATALOG_COMPILER_APPICON_NAME = AppIcon;
				CODE_SIGN_STYLE = Automatic;
				DEVELOPMENT_TEAM = 25YD4528FX;
				INFOPLIST_FILE = MovieDevotee/Info.plist;
				IPHONEOS_DEPLOYMENT_TARGET = 13.1;
				LD_RUNPATH_SEARCH_PATHS = (
					"$(inherited)",
					"@executable_path/Frameworks",
				);
				PRODUCT_BUNDLE_IDENTIFIER = com.daylighter.life.MovieDevotee;
				PRODUCT_NAME = "$(TARGET_NAME)";
				SWIFT_VERSION = 5.0;
				TARGETED_DEVICE_FAMILY = "1,2";
			};
			name = Debug;
		};
		947C0C3D24040531001D7391 /* Release */ = {
			isa = XCBuildConfiguration;
			baseConfigurationReference = 07B752AEF870074C999487A6 /* Pods-MovieDevotee.release.xcconfig */;
			buildSettings = {
				ASSETCATALOG_COMPILER_APPICON_NAME = AppIcon;
				CODE_SIGN_STYLE = Automatic;
				DEVELOPMENT_TEAM = 25YD4528FX;
				INFOPLIST_FILE = MovieDevotee/Info.plist;
				IPHONEOS_DEPLOYMENT_TARGET = 13.1;
				LD_RUNPATH_SEARCH_PATHS = (
					"$(inherited)",
					"@executable_path/Frameworks",
				);
				PRODUCT_BUNDLE_IDENTIFIER = com.daylighter.life.MovieDevotee;
				PRODUCT_NAME = "$(TARGET_NAME)";
				SWIFT_VERSION = 5.0;
				TARGETED_DEVICE_FAMILY = "1,2";
			};
			name = Release;
		};
/* End XCBuildConfiguration section */

/* Begin XCConfigurationList section */
		947C0C222404052F001D7391 /* Build configuration list for PBXProject "MovieDevotee" */ = {
			isa = XCConfigurationList;
			buildConfigurations = (
				947C0C3924040531001D7391 /* Debug */,
				947C0C3A24040531001D7391 /* Release */,
			);
			defaultConfigurationIsVisible = 0;
			defaultConfigurationName = Release;
		};
		947C0C3B24040531001D7391 /* Build configuration list for PBXNativeTarget "MovieDevotee" */ = {
			isa = XCConfigurationList;
			buildConfigurations = (
				947C0C3C24040531001D7391 /* Debug */,
				947C0C3D24040531001D7391 /* Release */,
			);
			defaultConfigurationIsVisible = 0;
			defaultConfigurationName = Release;
		};
/* End XCConfigurationList section */
	};
	rootObject = 947C0C1F2404052F001D7391 /* Project object */;
}
